
Microsoft Visual Studio Solution File, Format Version 12.00
# Visual Studio Version 16
VisualStudioVersion = 16.0.28803.352
MinimumVisualStudioVersion = 10.0.40219.1
Project("{FAE04EC0-301F-11D3-BF4B-00C04F79EFBC}") = "NewsPublish.Web", "NewsPublish.Web\NewsPublish.Web.csproj", "{548E86FF-3A25-4CCC-90D8-656488E0FB2D}"
EndProject
Global
	GlobalSection(SolutionConfigurationPlatforms) = preSolution
		Debug|Any CPU = Debug|Any CPU
		Release|Any CPU = Release|Any CPU
	EndGlobalSection
	GlobalSection(ProjectConfigurationPlatforms) = postSolution
		{548E86FF-3A25-4CCC-90D8-656488E0FB2D}.Debug|Any CPU.ActiveCfg = Debug|Any CPU
		{548E86FF-3A25-4CCC-90D8-656488E0FB2D}.Debug|Any CPU.Build.0 = Debug|Any CPU
		{548E86FF-3A25-4CCC-90D8-656488E0FB2D}.Release|Any CPU.ActiveCfg = Release|Any CPU
		{548E86FF-3A25-4CCC-90D8-656488E0FB2D}.Release|Any CPU.Build.0 = Release|Any CPU
	EndGlobalSection
	GlobalSection(SolutionProperties) = preSolution
		HideSolutionNode = FALSE
	EndGlobalSection
	GlobalSection(ExtensibilityGlobals) = postSolution
		SolutionGuid = {F3137443-DE95-4A0E-8D99-09288C12ABF1}
	EndGlobalSection
EndGlobal
